
Microsoft Visual Studio Solution File, Format Version 12.00
# Visual Studio Version 17
VisualStudioVersion = 17.11.35327.3
MinimumVisualStudioVersion = 10.0.40219.1
Project("{FAE04EC0-301F-11D3-BF4B-00C04F79EFBC}") = "LeafletMudBlazorDemo", "LeafletMudBlazorDemo\LeafletMudBlazorDemo.csproj", "{7BE10909-2E3F-4347-8331-636904DE7DDC}"
EndProject
Global
	GlobalSection(SolutionConfigurationPlatforms) = preSolution
		Debug|Any CPU = Debug|Any CPU
		Release|Any CPU = Release|Any CPU
	EndGlobalSection
	GlobalSection(ProjectConfigurationPlatforms) = postSolution
		{7BE10909-2E3F-4347-8331-636904DE7DDC}.Debug|Any CPU.ActiveCfg = Debug|Any CPU
		{7BE10909-2E3F-4347-8331-636904DE7DDC}.Debug|Any CPU.Build.0 = Debug|Any CPU
		{7BE10909-2E3F-4347-8331-636904DE7DDC}.Release|Any CPU.ActiveCfg = Release|Any CPU
		{7BE10909-2E3F-4347-8331-636904DE7DDC}.Release|Any CPU.Build.0 = Release|Any CPU
	EndGlobalSection
	GlobalSection(SolutionProperties) = preSolution
		HideSolutionNode = FALSE
	EndGlobalSection
	GlobalSection(ExtensibilityGlobals) = postSolution
		SolutionGuid = {42F5C5A3-70D3-49A1-B5EE-1D4AE153AFC3}
	EndGlobalSection
EndGlobal
